
Microsoft Visual Studio Solution File, Format Version 12.00
# Visual Studio Version 17
VisualStudioVersion = 17.5.002.0
MinimumVisualStudioVersion = 10.0.40219.1
Project("{9A19103F-16F7-4668-BE54-9A1E7A4F7556}") = "SchoolApi", "SchoolApi\SchoolApi.csproj", "{87429ECC-CD38-43AC-A6ED-56C3735E363E}"
EndProject
Global
	GlobalSection(SolutionConfigurationPlatforms) = preSolution
		Debug|Any CPU = Debug|Any CPU
		Release|Any CPU = Release|Any CPU
	EndGlobalSection
	GlobalSection(ProjectConfigurationPlatforms) = postSolution
		{87429ECC-CD38-43AC-A6ED-56C3735E363E}.Debug|Any CPU.ActiveCfg = Debug|Any CPU
		{87429ECC-CD38-43AC-A6ED-56C3735E363E}.Debug|Any CPU.Build.0 = Debug|Any CPU
		{87429ECC-CD38-43AC-A6ED-56C3735E363E}.Release|Any CPU.ActiveCfg = Release|Any CPU
		{87429ECC-CD38-43AC-A6ED-56C3735E363E}.Release|Any CPU.Build.0 = Release|Any CPU
	EndGlobalSection
	GlobalSection(SolutionProperties) = preSolution
		HideSolutionNode = FALSE
	EndGlobalSection
	GlobalSection(ExtensibilityGlobals) = postSolution
		SolutionGuid = {EE44DB48-D81B-4BE7-A686-270B61D7F150}
	EndGlobalSection
EndGlobal
